
Microsoft Visual Studio Solution File, Format Version 12.00
# Visual Studio Version 16
VisualStudioVersion = 16.0.31313.79
MinimumVisualStudioVersion = 10.0.40219.1
Project("{FAE04EC0-301F-11D3-BF4B-00C04F79EFBC}") = "ContagemAssistencia.UWP", "ContagemAssistencia\ContagemAssistencia.UWP\ContagemAssistencia.UWP.csproj", "{D89F1F34-7C00-4984-9379-6923E81C4654}"
EndProject
Project("{FAE04EC0-301F-11D3-BF4B-00C04F79EFBC}") = "ContagemAssistencia.Android", "ContagemAssistencia\ContagemAssistencia.Android\ContagemAssistencia.Android.csproj", "{48BD95DF-2013-4E7A-925A-0CF2F20A64B7}"
EndProject
Project("{9A19103F-16F7-4668-BE54-9A1E7A4F7556}") = "ContagemAssistencia", "ContagemAssistencia\ContagemAssistencia\ContagemAssistencia.csproj", "{0B0ACC67-146A-40FD-834F-2960480D015F}"
EndProject
Global
	GlobalSection(SolutionConfigurationPlatforms) = preSolution
		Debug|Any CPU = Debug|Any CPU
		Debug|ARM = Debug|ARM
		Debug|iPhone = Debug|iPhone
		Debug|iPhoneSimulator = Debug|iPhoneSimulator
		Debug|x64 = Debug|x64
		Debug|x86 = Debug|x86
		Release|Any CPU = Release|Any CPU
		Release|ARM = Release|ARM
		Release|iPhone = Release|iPhone
		Release|iPhoneSimulator = Release|iPhoneSimulator
		Release|x64 = Release|x64
		Release|x86 = Release|x86
	EndGlobalSection
	GlobalSection(ProjectConfigurationPlatforms) = postSolution
		{D89F1F34-7C00-4984-9379-6923E81C4654}.Debug|Any CPU.ActiveCfg = Debug|x86
		{D89F1F34-7C00-4984-9379-6923E81C4654}.Debug|Any CPU.Build.0 = Debug|x86
		{D89F1F34-7C00-4984-9379-6923E81C4654}.Debug|Any CPU.Deploy.0 = Debug|x86
		{D89F1F34-7C00-4984-9379-6923E81C4654}.Debug|ARM.ActiveCfg = Debug|ARM
		{D89F1F34-7C00-4984-9379-6923E81C4654}.Debug|ARM.Build.0 = Debug|ARM
		{D89F1F34-7C00-4984-9379-6923E81C4654}.Debug|ARM.Deploy.0 = Debug|ARM
		{D89F1F34-7C00-4984-9379-6923E81C4654}.Debug|iPhone.ActiveCfg = Debug|x86
		{D89F1F34-7C00-4984-9379-6923E81C4654}.Debug|iPhone.Build.0 = Debug|x86
		{D89F1F34-7C00-4984-9379-6923E81C4654}.Debug|iPhone.Deploy.0 = Debug|x86
		{D89F1F34-7C00-4984-9379-6923E81C4654}.Debug|iPhoneSimulator.ActiveCfg = Debug|x86
		{D89F1F34-7C00-4984-9379-6923E81C4654}.Debug|iPhoneSimulator.Build.0 = Debug|x86
		{D89F1F34-7C00-4984-9379-6923E81C4654}.Debug|iPhoneSimulator.Deploy.0 = Debug|x86
		{D89F1F34-7C00-4984-9379-6923E81C4654}.Debug|x64.ActiveCfg = Debug|x64
		{D89F1F34-7C00-4984-9379-6923E81C4654}.Debug|x64.Build.0 = Debug|x64
		{D89F1F34-7C00-4984-9379-6923E81C4654}.Debug|x64.Deploy.0 = Debug|x64
		{D89F1F34-7C00-4984-9379-6923E81C4654}.Debug|x86.ActiveCfg = Debug|x86
		{D89F1F34-7C00-4984-9379-6923E81C4654}.Debug|x86.Build.0 = Debug|x86
		{D89F1F34-7C00-4984-9379-6923E81C4654}.Debug|x86.Deploy.0 = Debug|x86
		{D89F1F34-7C00-4984-9379-6923E81C4654}.Release|Any CPU.ActiveCfg = Release|x86
		{D89F1F34-7C00-4984-9379-6923E81C4654}.Release|ARM.ActiveCfg = Release|ARM
		{D89F1F34-7C00-4984-9379-6923E81C4654}.Release|ARM.Build.0 = Release|ARM
		{D89F1F34-7C00-4984-9379-6923E81C4654}.Release|ARM.Deploy.0 = Release|ARM
		{D89F1F34-7C00-4984-9379-6923E81C4654}.Release|iPhone.ActiveCfg = Release|x86
		{D89F1F34-7C00-4984-9379-6923E81C4654}.Release|iPhone.Build.0 = Release|x86
		{D89F1F34-7C00-4984-9379-6923E81C4654}.Release|iPhone.Deploy.0 = Release|x86
		{D89F1F34-7C00-4984-9379-6923E81C4654}.Release|iPhoneSimulator.ActiveCfg = Release|x86
		{D89F1F34-7C00-4984-9379-6923E81C4654}.Release|iPhoneSimulator.Build.0 = Release|x86
		{D89F1F34-7C00-4984-9379-6923E81C4654}.Release|iPhoneSimulator.Deploy.0 = Release|x86
		{D89F1F34-7C00-4984-9379-6923E81C4654}.Release|x64.ActiveCfg = Release|x64
		{D89F1F34-7C00-4984-9379-6923E81C4654}.Release|x64.Build.0 = Release|x64
		{D89F1F34-7C00-4984-9379-6923E81C4654}.Release|x64.Deploy.0 = Release|x64
		{D89F1F34-7C00-4984-9379-6923E81C4654}.Release|x86.ActiveCfg = Release|x86
		{D89F1F34-7C00-4984-9379-6923E81C4654}.Release|x86.Build.0 = Release|x86
		{D89F1F34-7C00-4984-9379-6923E81C4654}.Release|x86.Deploy.0 = Release|x86
		{48BD95DF-2013-4E7A-925A-0CF2F20A64B7}.Debug|Any CPU.ActiveCfg = Debug|Any CPU
		{48BD95DF-2013-4E7A-925A-0CF2F20A64B7}.Debug|Any CPU.Build.0 = Debug|Any CPU
		{48BD95DF-2013-4E7A-925A-0CF2F20A64B7}.Debug|Any CPU.Deploy.0 = Debug|Any CPU
		{48BD95DF-2013-4E7A-925A-0CF2F20A64B7}.Debug|ARM.ActiveCfg = Debug|Any CPU
		{48BD95DF-2013-4E7A-925A-0CF2F20A64B7}.Debug|ARM.Build.0 = Debug|Any CPU
		{48BD95DF-2013-4E7A-925A-0CF2F20A64B7}.Debug|ARM.Deploy.0 = Debug|Any CPU
		{48BD95DF-2013-4E7A-925A-0CF2F20A64B7}.Debug|iPhone.ActiveCfg = Debug|Any CPU
		{48BD95DF-2013-4E7A-925A-0CF2F20A64B7}.Debug|iPhone.Build.0 = Debug|Any CPU
		{48BD95DF-2013-4E7A-925A-0CF2F20A64B7}.Debug|iPhone.Deploy.0 = Debug|Any CPU
		{48BD95DF-2013-4E7A-925A-0CF2F20A64B7}.Debug|iPhoneSimulator.ActiveCfg = Debug|Any CPU
		{48BD95DF-2013-4E7A-925A-0CF2F20A64B7}.Debug|iPhoneSimulator.Build.0 = Debug|Any CPU
		{48BD95DF-2013-4E7A-925A-0CF2F20A64B7}.Debug|iPhoneSimulator.Deploy.0 = Debug|Any CPU
		{48BD95DF-2013-4E7A-925A-0CF2F20A64B7}.Debug|x64.ActiveCfg = Debug|Any CPU
		{48BD95DF-2013-4E7A-925A-0CF2F20A64B7}.Debug|x64.Build.0 = Debug|Any CPU
		{48BD95DF-2013-4E7A-925A-0CF2F20A64B7}.Debug|x64.Deploy.0 = Debug|Any CPU
		{48BD95DF-2013-4E7A-925A-0CF2F20A64B7}.Debug|x86.ActiveCfg = Debug|Any CPU
		{48BD95DF-2013-4E7A-925A-0CF2F20A64B7}.Debug|x86.Build.0 = Debug|Any CPU
		{48BD95DF-2013-4E7A-925A-0CF2F20A64B7}.Debug|x86.Deploy.0 = Debug|Any CPU
		{48BD95DF-2013-4E7A-925A-0CF2F20A64B7}.Release|Any CPU.ActiveCfg = Release|Any CPU
		{48BD95DF-2013-4E7A-925A-0CF2F20A64B7}.Release|Any CPU.Build.0 = Release|Any CPU
		{48BD95DF-2013-4E7A-925A-0CF2F20A64B7}.Release|Any CPU.Deploy.0 = Release|Any CPU
		{48BD95DF-2013-4E7A-925A-0CF2F20A64B7}.Release|ARM.ActiveCfg = Release|Any CPU
		{48BD95DF-2013-4E7A-925A-0CF2F20A64B7}.Release|ARM.Build.0 = Release|Any CPU
		{48BD95DF-2013-4E7A-925A-0CF2F20A64B7}.Release|ARM.Deploy.0 = Release|Any CPU
		{48BD95DF-2013-4E7A-925A-0CF2F20A64B7}.Release|iPhone.ActiveCfg = Release|Any CPU
		{48BD95DF-2013-4E7A-925A-0CF2F20A64B7}.Release|iPhone.Build.0 = Release|Any CPU
		{48BD95DF-2013-4E7A-925A-0CF2F20A64B7}.Release|iPhone.Deploy.0 = Release|Any CPU
		{48BD95DF-2013-4E7A-925A-0CF2F20A64B7}.Release|iPhoneSimulator.ActiveCfg = Release|Any CPU
		{48BD95DF-2013-4E7A-925A-0CF2F20A64B7}.Release|iPhoneSimulator.Build.0 = Release|Any CPU
		{48BD95DF-2013-4E7A-925A-0CF2F20A64B7}.Release|iPhoneSimulator.Deploy.0 = Release|Any CPU
		{48BD95DF-2013-4E7A-925A-0CF2F20A64B7}.Release|x64.ActiveCfg = Release|Any CPU
		{48BD95DF-2013-4E7A-925A-0CF2F20A64B7}.Release|x64.Build.0 = Release|Any CPU
		{48BD95DF-2013-4E7A-925A-0CF2F20A64B7}.Release|x64.Deploy.0 = Release|Any CPU
		{48BD95DF-2013-4E7A-925A-0CF2F20A64B7}.Release|x86.ActiveCfg = Release|Any CPU
		{48BD95DF-2013-4E7A-925A-0CF2F20A64B7}.Release|x86.Build.0 = Release|Any CPU
		{48BD95DF-2013-4E7A-925A-0CF2F20A64B7}.Release|x86.Deploy.0 = Release|Any CPU
		{0B0ACC67-146A-40FD-834F-2960480D015F}.Debug|Any CPU.ActiveCfg = Debug|Any CPU
		{0B0ACC67-146A-40FD-834F-2960480D015F}.Debug|Any CPU.Build.0 = Debug|Any CPU
		{0B0ACC67-146A-40FD-834F-2960480D015F}.Debug|Any CPU.Deploy.0 = Debug|Any CPU
		{0B0ACC67-146A-40FD-834F-2960480D015F}.Debug|ARM.ActiveCfg = Debug|Any CPU
		{0B0ACC67-146A-40FD-834F-2960480D015F}.Debug|ARM.Build.0 = Debug|Any CPU
		{0B0ACC67-146A-40FD-834F-2960480D015F}.Debug|ARM.Deploy.0 = Debug|Any CPU
		{0B0ACC67-146A-40FD-834F-2960480D015F}.Debug|iPhone.ActiveCfg = Debug|Any CPU
		{0B0ACC67-146A-40FD-834F-2960480D015F}.Debug|iPhone.Build.0 = Debug|Any CPU
		{0B0ACC67-146A-40FD-834F-2960480D015F}.Debug|iPhone.Deploy.0 = Debug|Any CPU
		{0B0ACC67-146A-40FD-834F-2960480D015F}.Debug|iPhoneSimulator.ActiveCfg = Debug|Any CPU
		{0B0ACC67-146A-40FD-834F-2960480D015F}.Debug|iPhoneSimulator.Build.0 = Debug|Any CPU
		{0B0ACC67-146A-40FD-834F-2960480D015F}.Debug|iPhoneSimulator.Deploy.0 = Debug|Any CPU
		{0B0ACC67-146A-40FD-834F-2960480D015F}.Debug|x64.ActiveCfg = Debug|Any CPU
		{0B0ACC67-146A-40FD-834F-2960480D015F}.Debug|x64.Build.0 = Debug|Any CPU
		{0B0ACC67-146A-40FD-834F-2960480D015F}.Debug|x64.Deploy.0 = Debug|Any CPU
		{0B0ACC67-146A-40FD-834F-2960480D015F}.Debug|x86.ActiveCfg = Debug|Any CPU
		{0B0ACC67-146A-40FD-834F-2960480D015F}.Debug|x86.Build.0 = Debug|Any CPU
		{0B0ACC67-146A-40FD-834F-2960480D015F}.Debug|x86.Deploy.0 = Debug|Any CPU
		{0B0ACC67-146A-40FD-834F-2960480D015F}.Release|Any CPU.ActiveCfg = Release|Any CPU
		{0B0ACC67-146A-40FD-834F-2960480D015F}.Release|Any CPU.Build.0 = Release|Any CPU
		{0B0ACC67-146A-40FD-834F-2960480D015F}.Release|Any CPU.Deploy.0 = Release|Any CPU
		{0B0ACC67-146A-40FD-834F-2960480D015F}.Release|ARM.ActiveCfg = Release|Any CPU
		{0B0ACC67-146A-40FD-834F-2960480D015F}.Release|ARM.Build.0 = Release|Any CPU
		{0B0ACC67-146A-40FD-834F-2960480D015F}.Release|ARM.Deploy.0 = Release|Any CPU
		{0B0ACC67-146A-40FD-834F-2960480D015F}.Release|iPhone.ActiveCfg = Release|Any CPU
		{0B0ACC67-146A-40FD-834F-2960480D015F}.Release|iPhone.Build.0 = Release|Any CPU
		{0B0ACC67-146A-40FD-834F-2960480D015F}.Release|iPhone.Deploy.0 = Release|Any CPU
		{0B0ACC67-146A-40FD-834F-2960480D015F}.Release|iPhoneSimulator.ActiveCfg = Release|Any CPU
		{0B0ACC67-146A-40FD-834F-2960480D015F}.Release|iPhoneSimulator.Build.0 = Release|Any CPU
		{0B0ACC67-146A-40FD-834F-2960480D015F}.Release|iPhoneSimulator.Deploy.0 = Release|Any CPU
		{0B0ACC67-146A-40FD-834F-2960480D015F}.Release|x64.ActiveCfg = Release|Any CPU
		{0B0ACC67-146A-40FD-834F-2960480D015F}.Release|x64.Build.0 = Release|Any CPU
		{0B0ACC67-146A-40FD-834F-2960480D015F}.Release|x64.Deploy.0 = Release|Any CPU
		{0B0ACC67-146A-40FD-834F-2960480D015F}.Release|x86.ActiveCfg = Release|Any CPU
		{0B0ACC67-146A-40FD-834F-2960480D015F}.Release|x86.Build.0 = Release|Any CPU
		{0B0ACC67-146A-40FD-834F-2960480D015F}.Release|x86.Deploy.0 = Release|Any CPU
	EndGlobalSection
	GlobalSection(SolutionProperties) = preSolution
		HideSolutionNode = FALSE
	EndGlobalSection
	GlobalSection(ExtensibilityGlobals) = postSolution
		SolutionGuid = {6D61D749-2AB2-4C08-B97D-DA7AEF427460}
	EndGlobalSection
EndGlobal
